// !$*UTF8*$!
{
	archiveVersion = 1;
	classes = {
	};
	objectVersion = 48;
	objects = {

/* Begin PBXBuildFile section */
		1C65FAD62027AE6A00EE2353 /* HomeDatasourceController.swift in Sources */ = {isa = PBXBuildFile; fileRef = 1C65FAD52027AE6A00EE2353 /* HomeDatasourceController.swift */; };
		1C65FADB2027B42100EE2353 /* UserCell.swift in Sources */ = {isa = PBXBuildFile; fileRef = 1C65FADA2027B42100EE2353 /* UserCell.swift */; };
		1C65FADD2027B48300EE2353 /* HomeDatasource.swift in Sources */ = {isa = PBXBuildFile; fileRef = 1C65FADC2027B48300EE2353 /* HomeDatasource.swift */; };
		1CD0D0AE203DF2C700D105C6 /* UserHeaderFooter.swift in Sources */ = {isa = PBXBuildFile; fileRef = 1CD0D0AD203DF2C700D105C6 /* UserHeaderFooter.swift */; };
		1CD0D0B0203DF41900D105C6 /* User.swift in Sources */ = {isa = PBXBuildFile; fileRef = 1CD0D0AF203DF41900D105C6 /* User.swift */; };
		1CD0D0B2203E02BB00D105C6 /* HomeDatasourceController+NavBar.swift in Sources */ = {isa = PBXBuildFile; fileRef = 1CD0D0B1203E02BB00D105C6 /* HomeDatasourceController+NavBar.swift */; };
		1CFCF17D20279ADA00608994 /* AppDelegate.swift in Sources */ = {isa = PBXBuildFile; fileRef = 1CFCF17C20279ADA00608994 /* AppDelegate.swift */; };
		1CFCF18420279ADA00608994 /* Assets.xcassets in Resources */ = {isa = PBXBuildFile; fileRef = 1CFCF18320279ADA00608994 /* Assets.xcassets */; };
		1CFCF18720279ADA00608994 /* LaunchScreen.storyboard in Resources */ = {isa = PBXBuildFile; fileRef = 1CFCF18520279ADA00608994 /* LaunchScreen.storyboard */; };
		1CFCF18F20279C2B00608994 /* HomeController.swift in Sources */ = {isa = PBXBuildFile; fileRef = 1CFCF18E20279C2B00608994 /* HomeController.swift */; };
		7E1A4F784F2473AF76597438 /* Pods_TwitterApp.framework in Frameworks */ = {isa = PBXBuildFile; fileRef = 3F278DD45B977CC3086D400D /* Pods_TwitterApp.framework */; };
/* End PBXBuildFile section */

/* Begin PBXFileReference section */
		1C65FAD52027AE6A00EE2353 /* HomeDatasourceController.swift */ = {isa = PBXFileReference; lastKnownFileType = sourcecode.swift; path = HomeDatasourceController.swift; sourceTree = "<group>"; };
		1C65FADA2027B42100EE2353 /* UserCell.swift */ = {isa = PBXFileReference; lastKnownFileType = sourcecode.swift; path = UserCell.swift; sourceTree = "<group>"; };
		1C65FADC2027B48300EE2353 /* HomeDatasource.swift */ = {isa = PBXFileReference; lastKnownFileType = sourcecode.swift; path = HomeDatasource.swift; sourceTree = "<group>"; };
		1CD0D0AD203DF2C700D105C6 /* UserHeaderFooter.swift */ = {isa = PBXFileReference; lastKnownFileType = sourcecode.swift; path = UserHeaderFooter.swift; sourceTree = "<group>"; };
		1CD0D0AF203DF41900D105C6 /* User.swift */ = {isa = PBXFileReference; lastKnownFileType = sourcecode.swift; path = User.swift; sourceTree = "<group>"; };
		1CD0D0B1203E02BB00D105C6 /* HomeDatasourceController+NavBar.swift */ = {isa = PBXFileReference; lastKnownFileType = sourcecode.swift; path = "HomeDatasourceController+NavBar.swift"; sourceTree = "<group>"; };
		1CFCF17920279ADA00608994 /* TwitterApp.app */ = {isa = PBXFileReference; explicitFileType = wrapper.application; includeInIndex = 0; path = TwitterApp.app; sourceTree = BUILT_PRODUCTS_DIR; };
		1CFCF17C20279ADA00608994 /* AppDelegate.swift */ = {isa = PBXFileReference; lastKnownFileType = sourcecode.swift; path = AppDelegate.swift; sourceTree = "<group>"; };
		1CFCF18320279ADA00608994 /* Assets.xcassets */ = {isa = PBXFileReference; lastKnownFileType = folder.assetcatalog; path = Assets.xcassets; sourceTree = "<group>"; };
		1CFCF18620279ADA00608994 /* Base */ = {isa = PBXFileReference; lastKnownFileType = file.storyboard; name = Base; path = Base.lproj/LaunchScreen.storyboard; sourceTree = "<group>"; };
		1CFCF18820279ADA00608994 /* Info.plist */ = {isa = PBXFileReference; lastKnownFileType = text.plist.xml; path = Info.plist; sourceTree = "<group>"; };
		1CFCF18E20279C2B00608994 /* HomeController.swift */ = {isa = PBXFileReference; lastKnownFileType = sourcecode.swift; path = HomeController.swift; sourceTree = "<group>"; };
		3F278DD45B977CC3086D400D /* Pods_TwitterApp.framework */ = {isa = PBXFileReference; explicitFileType = wrapper.framework; includeInIndex = 0; path = Pods_TwitterApp.framework; sourceTree = BUILT_PRODUCTS_DIR; };
		7D8ACF90E4ECF6211159BDEF /* Pods-TwitterApp.release.xcconfig */ = {isa = PBXFileReference; includeInIndex = 1; lastKnownFileType = text.xcconfig; name = "Pods-TwitterApp.release.xcconfig"; path = "Pods/Target Support Files/Pods-TwitterApp/Pods-TwitterApp.release.xcconfig"; sourceTree = "<group>"; };
		F9C4A4BFA53B914EC1CC0B3E /* Pods-TwitterApp.debug.xcconfig */ = {isa = PBXFileReference; includeInIndex = 1; lastKnownFileType = text.xcconfig; name = "Pods-TwitterApp.debug.xcconfig"; path = "Pods/Target Support Files/Pods-TwitterApp/Pods-TwitterApp.debug.xcconfig"; sourceTree = "<group>"; };
/* End PBXFileReference section */

/* Begin PBXFrameworksBuildPhase section */
		1CFCF17620279ADA00608994 /* Frameworks */ = {
			isa = PBXFrameworksBuildPhase;
			buildActionMask = 2147483647;
			files = (
				7E1A4F784F2473AF76597438 /* Pods_TwitterApp.framework in Frameworks */,
			);
			runOnlyForDeploymentPostprocessing = 0;
		};
/* End PBXFrameworksBuildPhase section */

/* Begin PBXGroup section */
		1C65FAD72027B3F700EE2353 /* Controller */ = {
			isa = PBXGroup;
			children = (
				1C65FAD52027AE6A00EE2353 /* HomeDatasourceController.swift */,
				1CD0D0B1203E02BB00D105C6 /* HomeDatasourceController+NavBar.swift */,
			);
			path = Controller;
			sourceTree = "<group>";
		};
		1C65FAD82027B40900EE2353 /* Model */ = {
			isa = PBXGroup;
			children = (
				1C65FADC2027B48300EE2353 /* HomeDatasource.swift */,
				1CD0D0AF203DF41900D105C6 /* User.swift */,
			);
			path = Model;
			sourceTree = "<group>";
		};
		1C65FAD92027B41000EE2353 /* View */ = {
			isa = PBXGroup;
			children = (
				1C65FADA2027B42100EE2353 /* UserCell.swift */,
				1CD0D0AD203DF2C700D105C6 /* UserHeaderFooter.swift */,
			);
			path = View;
			sourceTree = "<group>";
		};
		1CFCF17020279ADA00608994 = {
			isa = PBXGroup;
			children = (
				1CFCF17B20279ADA00608994 /* TwitterApp */,
				1CFCF17A20279ADA00608994 /* Products */,
				73B2001701D3673608A7470B /* Pods */,
				8636A3DD08A6F3B142ACFA41 /* Frameworks */,
			);
			sourceTree = "<group>";
		};
		1CFCF17A20279ADA00608994 /* Products */ = {
			isa = PBXGroup;
			children = (
				1CFCF17920279ADA00608994 /* TwitterApp.app */,
			);
			name = Products;
			sourceTree = "<group>";
		};
		1CFCF17B20279ADA00608994 /* TwitterApp */ = {
			isa = PBXGroup;
			children = (
				1C65FAD92027B41000EE2353 /* View */,
				1C65FAD82027B40900EE2353 /* Model */,
				1C65FAD72027B3F700EE2353 /* Controller */,
				1CFCF17C20279ADA00608994 /* AppDelegate.swift */,
				1CFCF18E20279C2B00608994 /* HomeController.swift */,
				1CFCF18320279ADA00608994 /* Assets.xcassets */,
				1CFCF18520279ADA00608994 /* LaunchScreen.storyboard */,
				1CFCF18820279ADA00608994 /* Info.plist */,
			);
			path = TwitterApp;
			sourceTree = "<group>";
		};
		73B2001701D3673608A7470B /* Pods */ = {
			isa = PBXGroup;
			children = (
				F9C4A4BFA53B914EC1CC0B3E /* Pods-TwitterApp.debug.xcconfig */,
				7D8ACF90E4ECF6211159BDEF /* Pods-TwitterApp.release.xcconfig */,
			);
			name = Pods;
			sourceTree = "<group>";
		};
		8636A3DD08A6F3B142ACFA41 /* Frameworks */ = {
			isa = PBXGroup;
			children = (
				3F278DD45B977CC3086D400D /* Pods_TwitterApp.framework */,
			);
			name = Frameworks;
			sourceTree = "<group>";
		};
/* End PBXGroup section */

/* Begin PBXNativeTarget section */
		1CFCF17820279ADA00608994 /* TwitterApp */ = {
			isa = PBXNativeTarget;
			buildConfigurationList = 1CFCF18B20279ADA00608994 /* Build configuration list for PBXNativeTarget "TwitterApp" */;
			buildPhases = (
				6E8A2E9598971255B7BEAD11 /* [CP] Check Pods Manifest.lock */,
				1CFCF17520279ADA00608994 /* Sources */,
				1CFCF17620279ADA00608994 /* Frameworks */,
				1CFCF17720279ADA00608994 /* Resources */,
				B89D1D20A45793BF3BD77A91 /* [CP] Embed Pods Frameworks */,
				0B9617CD285789EBA660D19C /* [CP] Copy Pods Resources */,
			);
			buildRules = (
			);
			dependencies = (
			);
			name = TwitterApp;
			productName = TwitterApp;
			productReference = 1CFCF17920279ADA00608994 /* TwitterApp.app */;
			productType = "com.apple.product-type.application";
		};
/* End PBXNativeTarget section */

/* Begin PBXProject section */
		1CFCF17120279ADA00608994 /* Project object */ = {
			isa = PBXProject;
			attributes = {
				LastSwiftUpdateCheck = 0920;
				LastUpgradeCheck = 0920;
				ORGANIZATIONNAME = "Iraniya Naynesh";
				TargetAttributes = {
					1CFCF17820279ADA00608994 = {
						CreatedOnToolsVersion = 9.2;
						ProvisioningStyle = Automatic;
					};
				};
			};
			buildConfigurationList = 1CFCF17420279ADA00608994 /* Build configuration list for PBXProject "TwitterApp" */;
			compatibilityVersion = "Xcode 8.0";
			developmentRegion = en;
			hasScannedForEncodings = 0;
			knownRegions = (
				en,
				Base,
			);
			mainGroup = 1CFCF17020279ADA00608994;
			productRefGroup = 1CFCF17A20279ADA00608994 /* Products */;
			projectDirPath = "";
			projectRoot = "";
			targets = (
				1CFCF17820279ADA00608994 /* TwitterApp */,
			);
		};
/* End PBXProject section */

/* Begin PBXResourcesBuildPhase section */
		1CFCF17720279ADA00608994 /* Resources */ = {
			isa = PBXResourcesBuildPhase;
			buildActionMask = 2147483647;
			files = (
				1CFCF18720279ADA00608994 /* LaunchScreen.storyboard in Resources */,
				1CFCF18420279ADA00608994 /* Assets.xcassets in Resources */,
			);
			runOnlyForDeploymentPostprocessing = 0;
		};
/* End PBXResourcesBuildPhase section */

/* Begin PBXShellScriptBuildPhase section */
		0B9617CD285789EBA660D19C /* [CP] Copy Pods Resources */ = {
			isa = PBXShellScriptBuildPhase;
			buildActionMask = 2147483647;
			files = (
			);
			inputPaths = (
			);
			name = "[CP] Copy Pods Resources";
			outputPaths = (
			);
			runOnlyForDeploymentPostprocessing = 0;
			shellPath = /bin/sh;
			shellScript = "\"${SRCROOT}/Pods/Target Support Files/Pods-TwitterApp/Pods-TwitterApp-resources.sh\"\n";
			showEnvVarsInLog = 0;
		};
		6E8A2E9598971255B7BEAD11 /* [CP] Check Pods Manifest.lock */ = {
			isa = PBXShellScriptBuildPhase;
			buildActionMask = 2147483647;
			files = (
			);
			inputPaths = (
				"${PODS_PODFILE_DIR_PATH}/Podfile.lock",
				"${PODS_ROOT}/Manifest.lock",
			);
			name = "[CP] Check Pods Manifest.lock";
			outputPaths = (
				"$(DERIVED_FILE_DIR)/Pods-TwitterApp-checkManifestLockResult.txt",
			);
			runOnlyForDeploymentPostprocessing = 0;
			shellPath = /bin/sh;
			shellScript = "diff \"${PODS_PODFILE_DIR_PATH}/Podfile.lock\" \"${PODS_ROOT}/Manifest.lock\" > /dev/null\nif [ $? != 0 ] ; then\n    # print error to STDERR\n    echo \"error: The sandbox is not in sync with the Podfile.lock. Run 'pod install' or update your CocoaPods installation.\" >&2\n    exit 1\nfi\n# This output is used by Xcode 'outputs' to avoid re-running this script phase.\necho \"SUCCESS\" > \"${SCRIPT_OUTPUT_FILE_0}\"\n";
			showEnvVarsInLog = 0;
		};
		B89D1D20A45793BF3BD77A91 /* [CP] Embed Pods Frameworks */ = {
			isa = PBXShellScriptBuildPhase;
			buildActionMask = 2147483647;
			files = (
			);
			inputPaths = (
				"${SRCROOT}/Pods/Target Support Files/Pods-TwitterApp/Pods-TwitterApp-frameworks.sh",
				"${BUILT_PRODUCTS_DIR}/LBTAComponents/LBTAComponents.framework",
			);
			name = "[CP] Embed Pods Frameworks";
			outputPaths = (
				"${TARGET_BUILD_DIR}/${FRAMEWORKS_FOLDER_PATH}/LBTAComponents.framework",
			);
			runOnlyForDeploymentPostprocessing = 0;
			shellPath = /bin/sh;
			shellScript = "\"${SRCROOT}/Pods/Target Support Files/Pods-TwitterApp/Pods-TwitterApp-frameworks.sh\"\n";
			showEnvVarsInLog = 0;
		};
/* End PBXShellScriptBuildPhase section */

/* Begin PBXSourcesBuildPhase section */
		1CFCF17520279ADA00608994 /* Sources */ = {
			isa = PBXSourcesBuildPhase;
			buildActionMask = 2147483647;
			files = (
				1C65FADD2027B48300EE2353 /* HomeDatasource.swift in Sources */,
				1CFCF17D20279ADA00608994 /* AppDelegate.swift in Sources */,
				1C65FADB2027B42100EE2353 /* UserCell.swift in Sources */,
				1C65FAD62027AE6A00EE2353 /* HomeDatasourceController.swift in Sources */,
				1CD0D0AE203DF2C700D105C6 /* UserHeaderFooter.swift in Sources */,
				1CD0D0B2203E02BB00D105C6 /* HomeDatasourceController+NavBar.swift in Sources */,
				1CFCF18F20279C2B00608994 /* HomeController.swift in Sources */,
				1CD0D0B0203DF41900D105C6 /* User.swift in Sources */,
			);
			runOnlyForDeploymentPostprocessing = 0;
		};
/* End PBXSourcesBuildPhase section */

/* Begin PBXVariantGroup section */
		1CFCF18520279ADA00608994 /* LaunchScreen.storyboard */ = {
			isa = PBXVariantGroup;
			children = (
				1CFCF18620279ADA00608994 /* Base */,
			);
			name = LaunchScreen.storyboard;
			sourceTree = "<group>";
		};
/* End PBXVariantGroup section */

/* Begin XCBuildConfiguration section */
		1CFCF18920279ADA00608994 /* Debug */ = {
			isa = XCBuildConfiguration;
			buildSettings = {
				ALWAYS_SEARCH_USER_PATHS = NO;
				CLANG_ANALYZER_NONNULL = YES;
				CLANG_ANALYZER_NUMBER_OBJECT_CONVERSION = YES_AGGRESSIVE;
				CLANG_CXX_LANGUAGE_STANDARD = "gnu++14";
				CLANG_CXX_LIBRARY = "libc++";
				CLANG_ENABLE_MODULES = YES;
				CLANG_ENABLE_OBJC_ARC = YES;
				CLANG_WARN_BLOCK_CAPTURE_AUTORELEASING = YES;
				CLANG_WARN_BOOL_CONVERSION = YES;
				CLANG_WARN_COMMA = YES;
				CLANG_WARN_CONSTANT_CONVERSION = YES;
				CLANG_WARN_DIRECT_OBJC_ISA_USAGE = YES_ERROR;
				CLANG_WARN_DOCUMENTATION_COMMENTS = YES;
				CLANG_WARN_EMPTY_BODY = YES;
				CLANG_WARN_ENUM_CONVERSION = YES;
				CLANG_WARN_INFINITE_RECURSION = YES;
				CLANG_WARN_INT_CONVERSION = YES;
				CLANG_WARN_NON_LITERAL_NULL_CONVERSION = YES;
				CLANG_WARN_OBJC_LITERAL_CONVERSION = YES;
				CLANG_WARN_OBJC_ROOT_CLASS = YES_ERROR;
				CLANG_WARN_RANGE_LOOP_ANALYSIS = YES;
				CLANG_WARN_STRICT_PROTOTYPES = YES;
				CLANG_WARN_SUSPICIOUS_MOVE = YES;
				CLANG_WARN_UNGUARDED_AVAILABILITY = YES_AGGRESSIVE;
				CLANG_WARN_UNREACHABLE_CODE = YES;
				CLANG_WARN__DUPLICATE_METHOD_MATCH = YES;
				CODE_SIGN_IDENTITY = "iPhone Developer";
				COPY_PHASE_STRIP = NO;
				DEBUG_INFORMATION_FORMAT = dwarf;
				ENABLE_STRICT_OBJC_MSGSEND = YES;
				ENABLE_TESTABILITY = YES;
				GCC_C_LANGUAGE_STANDARD = gnu11;
				GCC_DYNAMIC_NO_PIC = NO;
				GCC_NO_COMMON_BLOCKS = YES;
				GCC_OPTIMIZATION_LEVEL = 0;
				GCC_PREPROCESSOR_DEFINITIONS = (
					"DEBUG=1",
					"$(inherited)",
				);
				GCC_WARN_64_TO_32_BIT_CONVERSION = YES;
				GCC_WARN_ABOUT_RETURN_TYPE = YES_ERROR;
				GCC_WARN_UNDECLARED_SELECTOR = YES;
				GCC_WARN_UNINITIALIZED_AUTOS = YES_AGGRESSIVE;
				GCC_WARN_UNUSED_FUNCTION = YES;
				GCC_WARN_UNUSED_VARIABLE = YES;
				IPHONEOS_DEPLOYMENT_TARGET = 11.2;
				MTL_ENABLE_DEBUG_INFO = YES;
				ONLY_ACTIVE_ARCH = YES;
				SDKROOT = iphoneos;
				SWIFT_ACTIVE_COMPILATION_CONDITIONS = DEBUG;
				SWIFT_OPTIMIZATION_LEVEL = "-Onone";
			};
			name = Debug;
		};
		1CFCF18A20279ADA00608994 /* Release */ = {
			isa = XCBuildConfiguration;
			buildSettings = {
				ALWAYS_SEARCH_USER_PATHS = NO;
				CLANG_ANALYZER_NONNULL = YES;
				CLANG_ANALYZER_NUMBER_OBJECT_CONVERSION = YES_AGGRESSIVE;
				CLANG_CXX_LANGUAGE_STANDARD = "gnu++14";
				CLANG_CXX_LIBRARY = "libc++";
				CLANG_ENABLE_MODULES = YES;
				CLANG_ENABLE_OBJC_ARC = YES;
				CLANG_WARN_BLOCK_CAPTURE_AUTORELEASING = YES;
				CLANG_WARN_BOOL_CONVERSION = YES;
				CLANG_WARN_COMMA = YES;
				CLANG_WARN_CONSTANT_CONVERSION = YES;
				CLANG_WARN_DIRECT_OBJC_ISA_USAGE = YES_ERROR;
				CLANG_WARN_DOCUMENTATION_COMMENTS = YES;
				CLANG_WARN_EMPTY_BODY = YES;
				CLANG_WARN_ENUM_CONVERSION = YES;
				CLANG_WARN_INFINITE_RECURSION = YES;
				CLANG_WARN_INT_CONVERSION = YES;
				CLANG_WARN_NON_LITERAL_NULL_CONVERSION = YES;
				CLANG_WARN_OBJC_LITERAL_CONVERSION = YES;
				CLANG_WARN_OBJC_ROOT_CLASS = YES_ERROR;
				CLANG_WARN_RANGE_LOOP_ANALYSIS = YES;
				CLANG_WARN_STRICT_PROTOTYPES = YES;
				CLANG_WARN_SUSPICIOUS_MOVE = YES;
				CLANG_WARN_UNGUARDED_AVAILABILITY = YES_AGGRESSIVE;
				CLANG_WARN_UNREACHABLE_CODE = YES;
				CLANG_WARN__DUPLICATE_METHOD_MATCH = YES;
				CODE_SIGN_IDENTITY = "iPhone Developer";
				COPY_PHASE_STRIP = NO;
				DEBUG_INFORMATION_FORMAT = "dwarf-with-dsym";
				ENABLE_NS_ASSERTIONS = NO;
				ENABLE_STRICT_OBJC_MSGSEND = YES;
				GCC_C_LANGUAGE_STANDARD = gnu11;
				GCC_NO_COMMON_BLOCKS = YES;
				GCC_WARN_64_TO_32_BIT_CONVERSION = YES;
				GCC_WARN_ABOUT_RETURN_TYPE = YES_ERROR;
				GCC_WARN_UNDECLARED_SELECTOR = YES;
				GCC_WARN_UNINITIALIZED_AUTOS = YES_AGGRESSIVE;
				GCC_WARN_UNUSED_FUNCTION = YES;
				GCC_WARN_UNUSED_VARIABLE = YES;
				IPHONEOS_DEPLOYMENT_TARGET = 11.2;
				MTL_ENABLE_DEBUG_INFO = NO;
				SDKROOT = iphoneos;
				SWIFT_OPTIMIZATION_LEVEL = "-Owholemodule";
				VALIDATE_PRODUCT = YES;
			};
			name = Release;
		};
		1CFCF18C20279ADA00608994 /* Debug */ = {
			isa = XCBuildConfiguration;
			baseConfigurationReference = F9C4A4BFA53B914EC1CC0B3E /* Pods-TwitterApp.debug.xcconfig */;
			buildSettings = {
				ASSETCATALOG_COMPILER_APPICON_NAME = AppIcon;
				CODE_SIGN_STYLE = Automatic;
				DEVELOPMENT_TEAM = 66Q99FC7X2;
				INFOPLIST_FILE = TwitterApp/Info.plist;
				IPHONEOS_DEPLOYMENT_TARGET = 10.3;
				LD_RUNPATH_SEARCH_PATHS = "$(inherited) @executable_path/Frameworks";
				PRODUCT_BUNDLE_IDENTIFIER = com.iraniya.TwitterApp;
				PRODUCT_NAME = "$(TARGET_NAME)";
				SWIFT_VERSION = 4.0;
				TARGETED_DEVICE_FAMILY = "1,2";
			};
			name = Debug;
		};
		1CFCF18D20279ADA00608994 /* Release */ = {
			isa = XCBuildConfiguration;
			baseConfigurationReference = 7D8ACF90E4ECF6211159BDEF /* Pods-TwitterApp.release.xcconfig */;
			buildSettings = {
				ASSETCATALOG_COMPILER_APPICON_NAME = AppIcon;
				CODE_SIGN_STYLE = Automatic;
				DEVELOPMENT_TEAM = 66Q99FC7X2;
				INFOPLIST_FILE = TwitterApp/Info.plist;
				IPHONEOS_DEPLOYMENT_TARGET = 10.3;
				LD_RUNPATH_SEARCH_PATHS = "$(inherited) @executable_path/Frameworks";
				PRODUCT_BUNDLE_IDENTIFIER = com.iraniya.TwitterApp;
				PRODUCT_NAME = "$(TARGET_NAME)";
				SWIFT_VERSION = 4.0;
				TARGETED_DEVICE_FAMILY = "1,2";
			};
			name = Release;
		};
/* End XCBuildConfiguration section */

/* Begin XCConfigurationList section */
		1CFCF17420279ADA00608994 /* Build configuration list for PBXProject "TwitterApp" */ = {
			isa = XCConfigurationList;
			buildConfigurations = (
				1CFCF18920279ADA00608994 /* Debug */,
				1CFCF18A20279ADA00608994 /* Release */,
			);
			defaultConfigurationIsVisible = 0;
			defaultConfigurationName = Release;
		};
		1CFCF18B20279ADA00608994 /* Build configuration list for PBXNativeTarget "TwitterApp" */ = {
			isa = XCConfigurationList;
			buildConfigurations = (
				1CFCF18C20279ADA00608994 /* Debug */,
				1CFCF18D20279ADA00608994 /* Release */,
			);
			defaultConfigurationIsVisible = 0;
			defaultConfigurationName = Release;
		};
/* End XCConfigurationList section */
	};
	rootObject = 1CFCF17120279ADA00608994 /* Project object */;
}
